
Microsoft Visual Studio Solution File, Format Version 12.00
# Visual Studio Version 17
VisualStudioVersion = 17.12.35707.178
MinimumVisualStudioVersion = 10.0.40219.1
Project("{2150E333-8FDC-42A3-9474-1A3956D46DE8}") = "Solution Items", "Solution Items", "{D95D3C3B-C9AF-4747-BCB2-1592015F15CD}"
	ProjectSection(SolutionItems) = preProject
		.editorconfig = .editorconfig
	EndProjectSection
EndProject
Project("{2150E333-8FDC-42A3-9474-1A3956D46DE8}") = "src", "src", "{4B4FB019-C855-4B71-9DDF-603E91D72E06}"
EndProject
Project("{2150E333-8FDC-42A3-9474-1A3956D46DE8}") = "tests", "tests", "{01AA194C-C965-4458-9446-D0EB19DF9229}"
EndProject
Project("{FAE04EC0-301F-11D3-BF4B-00C04F79EFBC}") = "SimpleStore.WebApi", "src\SimpleStore.WebApi\SimpleStore.WebApi.csproj", "{5C0AD6CE-3D61-486B-9AE6-3196C3BA9EBF}"
EndProject
Project("{2150E333-8FDC-42A3-9474-1A3956D46DE8}") = "Modules", "Modules", "{3C8AFEED-A48F-4628-B10A-BEAF3ADDCB5D}"
EndProject
Project("{FAE04EC0-301F-11D3-BF4B-00C04F79EFBC}") = "UserManagement", "src\UserManagement\UserManagement.csproj", "{572044B1-CBAA-42F1-9C4D-7C660BA9FFB9}"
EndProject
Global
	GlobalSection(SolutionConfigurationPlatforms) = preSolution
		Debug|Any CPU = Debug|Any CPU
		Release|Any CPU = Release|Any CPU
	EndGlobalSection
	GlobalSection(ProjectConfigurationPlatforms) = postSolution
		{5C0AD6CE-3D61-486B-9AE6-3196C3BA9EBF}.Debug|Any CPU.ActiveCfg = Debug|Any CPU
		{5C0AD6CE-3D61-486B-9AE6-3196C3BA9EBF}.Debug|Any CPU.Build.0 = Debug|Any CPU
		{5C0AD6CE-3D61-486B-9AE6-3196C3BA9EBF}.Release|Any CPU.ActiveCfg = Release|Any CPU
		{5C0AD6CE-3D61-486B-9AE6-3196C3BA9EBF}.Release|Any CPU.Build.0 = Release|Any CPU
		{572044B1-CBAA-42F1-9C4D-7C660BA9FFB9}.Debug|Any CPU.ActiveCfg = Debug|Any CPU
		{572044B1-CBAA-42F1-9C4D-7C660BA9FFB9}.Debug|Any CPU.Build.0 = Debug|Any CPU
		{572044B1-CBAA-42F1-9C4D-7C660BA9FFB9}.Release|Any CPU.ActiveCfg = Release|Any CPU
		{572044B1-CBAA-42F1-9C4D-7C660BA9FFB9}.Release|Any CPU.Build.0 = Release|Any CPU
	EndGlobalSection
	GlobalSection(SolutionProperties) = preSolution
		HideSolutionNode = FALSE
	EndGlobalSection
	GlobalSection(NestedProjects) = preSolution
		{5C0AD6CE-3D61-486B-9AE6-3196C3BA9EBF} = {4B4FB019-C855-4B71-9DDF-603E91D72E06}
		{3C8AFEED-A48F-4628-B10A-BEAF3ADDCB5D} = {4B4FB019-C855-4B71-9DDF-603E91D72E06}
		{572044B1-CBAA-42F1-9C4D-7C660BA9FFB9} = {3C8AFEED-A48F-4628-B10A-BEAF3ADDCB5D}
	EndGlobalSection
EndGlobal
